// !$*UTF8*$!
{
	archiveVersion = 1;
	classes = {
	};
	objectVersion = 46;
	objects = {

/* Begin PBXBuildFile section */
		E92C42001972DFA500A2F607 /* main.c in Sources */ = {isa = PBXBuildFile; fileRef = E92C41FF1972DFA500A2F607 /* main.c */; };
		E92C42021972DFA500A2F607 /* svdintel2.1 in CopyFiles */ = {isa = PBXBuildFile; fileRef = E92C42011972DFA500A2F607 /* svdintel2.1 */; };
/* End PBXBuildFile section */

/* Begin PBXCopyFilesBuildPhase section */
		E92C41FA1972DFA500A2F607 /* CopyFiles */ = {
			isa = PBXCopyFilesBuildPhase;
			buildActionMask = 2147483647;
			dstPath = /usr/share/man/man1/;
			dstSubfolderSpec = 0;
			files = (
				E92C42021972DFA500A2F607 /* svdintel2.1 in CopyFiles */,
			);
			runOnlyForDeploymentPostprocessing = 1;
		};
/* End PBXCopyFilesBuildPhase section */

/* Begin PBXFileReference section */
		E92C41FC1972DFA500A2F607 /* svdintel2 */ = {isa = PBXFileReference; explicitFileType = "compiled.mach-o.executable"; includeInIndex = 0; path = svdintel2; sourceTree = BUILT_PRODUCTS_DIR; };
		E92C41FF1972DFA500A2F607 /* main.c */ = {isa = PBXFileReference; lastKnownFileType = sourcecode.c.c; path = main.c; sourceTree = "<group>"; };
		E92C42011972DFA500A2F607 /* svdintel2.1 */ = {isa = PBXFileReference; lastKnownFileType = text.man; path = svdintel2.1; sourceTree = "<group>"; };
/* End PBXFileReference section */

/* Begin PBXFrameworksBuildPhase section */
		E92C41F91972DFA500A2F607 /* Frameworks */ = {
			isa = PBXFrameworksBuildPhase;
			buildActionMask = 2147483647;
			files = (
			);
			runOnlyForDeploymentPostprocessing = 0;
		};
/* End PBXFrameworksBuildPhase section */

/* Begin PBXGroup section */
		E92C41F31972DFA500A2F607 = {
			isa = PBXGroup;
			children = (
				E92C41FE1972DFA500A2F607 /* svdintel2 */,
				E92C41FD1972DFA500A2F607 /* Products */,
			);
			sourceTree = "<group>";
		};
		E92C41FD1972DFA500A2F607 /* Products */ = {
			isa = PBXGroup;
			children = (
				E92C41FC1972DFA500A2F607 /* svdintel2 */,
			);
			name = Products;
			sourceTree = "<group>";
		};
		E92C41FE1972DFA500A2F607 /* svdintel2 */ = {
			isa = PBXGroup;
			children = (
				E92C41FF1972DFA500A2F607 /* main.c */,
				E92C42011972DFA500A2F607 /* svdintel2.1 */,
			);
			path = svdintel2;
			sourceTree = "<group>";
		};
/* End PBXGroup section */

/* Begin PBXNativeTarget section */
		E92C41FB1972DFA500A2F607 /* svdintel2 */ = {
			isa = PBXNativeTarget;
			buildConfigurationList = E92C42051972DFA500A2F607 /* Build configuration list for PBXNativeTarget "svdintel2" */;
			buildPhases = (
				E92C41F81972DFA500A2F607 /* Sources */,
				E92C41F91972DFA500A2F607 /* Frameworks */,
				E92C41FA1972DFA500A2F607 /* CopyFiles */,
			);
			buildRules = (
			);
			dependencies = (
			);
			name = svdintel2;
			productName = svdintel2;
			productReference = E92C41FC1972DFA500A2F607 /* svdintel2 */;
			productType = "com.apple.product-type.tool";
		};
/* End PBXNativeTarget section */

/* Begin PBXProject section */
		E92C41F41972DFA500A2F607 /* Project object */ = {
			isa = PBXProject;
			attributes = {
				LastUpgradeCheck = 0510;
				ORGANIZATIONNAME = "___FULLUSERNAME___";
			};
			buildConfigurationList = E92C41F71972DFA500A2F607 /* Build configuration list for PBXProject "svdintel2" */;
			compatibilityVersion = "Xcode 3.2";
			developmentRegion = English;
			hasScannedForEncodings = 0;
			knownRegions = (
				en,
			);
			mainGroup = E92C41F31972DFA500A2F607;
			productRefGroup = E92C41FD1972DFA500A2F607 /* Products */;
			projectDirPath = "";
			projectRoot = "";
			targets = (
				E92C41FB1972DFA500A2F607 /* svdintel2 */,
			);
		};
/* End PBXProject section */

/* Begin PBXSourcesBuildPhase section */
		E92C41F81972DFA500A2F607 /* Sources */ = {
			isa = PBXSourcesBuildPhase;
			buildActionMask = 2147483647;
			files = (
				E92C42001972DFA500A2F607 /* main.c in Sources */,
			);
			runOnlyForDeploymentPostprocessing = 0;
		};
/* End PBXSourcesBuildPhase section */

/* Begin XCBuildConfiguration section */
		E92C42031972DFA500A2F607 /* Debug */ = {
			isa = XCBuildConfiguration;
			buildSettings = {
				ALWAYS_SEARCH_USER_PATHS = NO;
				CLANG_CXX_LANGUAGE_STANDARD = "gnu++0x";
				CLANG_CXX_LIBRARY = "libc++";
				CLANG_ENABLE_MODULES = YES;
				CLANG_ENABLE_OBJC_ARC = YES;
				CLANG_WARN_BOOL_CONVERSION = YES;
				CLANG_WARN_CONSTANT_CONVERSION = YES;
				CLANG_WARN_DIRECT_OBJC_ISA_USAGE = YES_ERROR;
				CLANG_WARN_EMPTY_BODY = YES;
				CLANG_WARN_ENUM_CONVERSION = YES;
				CLANG_WARN_INT_CONVERSION = YES;
				CLANG_WARN_OBJC_ROOT_CLASS = YES_ERROR;
				CLANG_WARN__DUPLICATE_METHOD_MATCH = YES;
				COPY_PHASE_STRIP = NO;
				GCC_C_LANGUAGE_STANDARD = gnu99;
				GCC_DYNAMIC_NO_PIC = NO;
				GCC_ENABLE_OBJC_EXCEPTIONS = YES;
				GCC_OPTIMIZATION_LEVEL = 0;
				GCC_PREPROCESSOR_DEFINITIONS = (
					"DEBUG=1",
					"$(inherited)",
				);
				GCC_SYMBOLS_PRIVATE_EXTERN = NO;
				GCC_WARN_64_TO_32_BIT_CONVERSION = YES;
				GCC_WARN_ABOUT_RETURN_TYPE = YES_ERROR;
				GCC_WARN_UNDECLARED_SELECTOR = YES;
				GCC_WARN_UNINITIALIZED_AUTOS = YES_AGGRESSIVE;
				GCC_WARN_UNUSED_FUNCTION = YES;
				GCC_WARN_UNUSED_VARIABLE = YES;
				MACOSX_DEPLOYMENT_TARGET = 10.9;
				ONLY_ACTIVE_ARCH = YES;
				SDKROOT = macosx;
			};
			name = Debug;
		};
		E92C42041972DFA500A2F607 /* Release */ = {
			isa = XCBuildConfiguration;
			buildSettings = {
				ALWAYS_SEARCH_USER_PATHS = NO;
				CLANG_CXX_LANGUAGE_STANDARD = "gnu++0x";
				CLANG_CXX_LIBRARY = "libc++";
				CLANG_ENABLE_MODULES = YES;
				CLANG_ENABLE_OBJC_ARC = YES;
				CLANG_WARN_BOOL_CONVERSION = YES;
				CLANG_WARN_CONSTANT_CONVERSION = YES;
				CLANG_WARN_DIRECT_OBJC_ISA_USAGE = YES_ERROR;
				CLANG_WARN_EMPTY_BODY = YES;
				CLANG_WARN_ENUM_CONVERSION = YES;
				CLANG_WARN_INT_CONVERSION = YES;
				CLANG_WARN_OBJC_ROOT_CLASS = YES_ERROR;
				CLANG_WARN__DUPLICATE_METHOD_MATCH = YES;
				COPY_PHASE_STRIP = YES;
				DEBUG_INFORMATION_FORMAT = "dwarf-with-dsym";
				ENABLE_NS_ASSERTIONS = NO;
				GCC_C_LANGUAGE_STANDARD = gnu99;
				GCC_ENABLE_OBJC_EXCEPTIONS = YES;
				GCC_WARN_64_TO_32_BIT_CONVERSION = YES;
				GCC_WARN_ABOUT_RETURN_TYPE = YES_ERROR;
				GCC_WARN_UNDECLARED_SELECTOR = YES;
				GCC_WARN_UNINITIALIZED_AUTOS = YES_AGGRESSIVE;
				GCC_WARN_UNUSED_FUNCTION = YES;
				GCC_WARN_UNUSED_VARIABLE = YES;
				MACOSX_DEPLOYMENT_TARGET = 10.9;
				SDKROOT = macosx;
			};
			name = Release;
		};
		E92C42061972DFA500A2F607 /* Debug */ = {
			isa = XCBuildConfiguration;
			buildSettings = {
				PRODUCT_NAME = "$(TARGET_NAME)";
			};
			name = Debug;
		};
		E92C42071972DFA500A2F607 /* Release */ = {
			isa = XCBuildConfiguration;
			buildSettings = {
				PRODUCT_NAME = "$(TARGET_NAME)";
			};
			name = Release;
		};
/* End XCBuildConfiguration section */

/* Begin XCConfigurationList section */
		E92C41F71972DFA500A2F607 /* Build configuration list for PBXProject "svdintel2" */ = {
			isa = XCConfigurationList;
			buildConfigurations = (
				E92C42031972DFA500A2F607 /* Debug */,
				E92C42041972DFA500A2F607 /* Release */,
			);
			defaultConfigurationIsVisible = 0;
			defaultConfigurationName = Release;
		};
		E92C42051972DFA500A2F607 /* Build configuration list for PBXNativeTarget "svdintel2" */ = {
			isa = XCConfigurationList;
			buildConfigurations = (
				E92C42061972DFA500A2F607 /* Debug */,
				E92C42071972DFA500A2F607 /* Release */,
			);
			defaultConfigurationIsVisible = 0;
		};
/* End XCConfigurationList section */
	};
	rootObject = E92C41F41972DFA500A2F607 /* Project object */;
}
